
Microsoft Visual Studio Solution File, Format Version 12.00
# Visual Studio 15
VisualStudioVersion = 15.0.28307.329
MinimumVisualStudioVersion = 10.0.40219.1
Project("{FAE04EC0-301F-11D3-BF4B-00C04F79EFBC}") = "Interfaces", "Interfaces\Interfaces.csproj", "{EE0B89D1-998C-4A65-BE5F-071C3A026AC7}"
EndProject
Project("{FAE04EC0-301F-11D3-BF4B-00C04F79EFBC}") = "Interfaces_02", "Interfaces_02\Interfaces_02.csproj", "{2DD358F3-0D82-46F9-AA50-DCDF99524A8E}"
EndProject
Project("{FAE04EC0-301F-11D3-BF4B-00C04F79EFBC}") = "Interfaces_03", "Interfaces_03\Interfaces_03.csproj", "{4A019DAA-9CC0-41E4-9821-25889E4B0A8C}"
EndProject
Project("{FAE04EC0-301F-11D3-BF4B-00C04F79EFBC}") = "Interfaces_04", "Interface_04\Interfaces_04.csproj", "{40D0DC36-DAC6-4CA6-8D47-922EEF684643}"
EndProject
Global
	GlobalSection(SolutionConfigurationPlatforms) = preSolution
		Debug|Any CPU = Debug|Any CPU
		Release|Any CPU = Release|Any CPU
	EndGlobalSection
	GlobalSection(ProjectConfigurationPlatforms) = postSolution
		{EE0B89D1-998C-4A65-BE5F-071C3A026AC7}.Debug|Any CPU.ActiveCfg = Debug|Any CPU
		{EE0B89D1-998C-4A65-BE5F-071C3A026AC7}.Debug|Any CPU.Build.0 = Debug|Any CPU
		{EE0B89D1-998C-4A65-BE5F-071C3A026AC7}.Release|Any CPU.ActiveCfg = Release|Any CPU
		{EE0B89D1-998C-4A65-BE5F-071C3A026AC7}.Release|Any CPU.Build.0 = Release|Any CPU
		{2DD358F3-0D82-46F9-AA50-DCDF99524A8E}.Debug|Any CPU.ActiveCfg = Debug|Any CPU
		{2DD358F3-0D82-46F9-AA50-DCDF99524A8E}.Debug|Any CPU.Build.0 = Debug|Any CPU
		{2DD358F3-0D82-46F9-AA50-DCDF99524A8E}.Release|Any CPU.ActiveCfg = Release|Any CPU
		{2DD358F3-0D82-46F9-AA50-DCDF99524A8E}.Release|Any CPU.Build.0 = Release|Any CPU
		{4A019DAA-9CC0-41E4-9821-25889E4B0A8C}.Debug|Any CPU.ActiveCfg = Debug|Any CPU
		{4A019DAA-9CC0-41E4-9821-25889E4B0A8C}.Debug|Any CPU.Build.0 = Debug|Any CPU
		{4A019DAA-9CC0-41E4-9821-25889E4B0A8C}.Release|Any CPU.ActiveCfg = Release|Any CPU
		{4A019DAA-9CC0-41E4-9821-25889E4B0A8C}.Release|Any CPU.Build.0 = Release|Any CPU
		{40D0DC36-DAC6-4CA6-8D47-922EEF684643}.Debug|Any CPU.ActiveCfg = Debug|Any CPU
		{40D0DC36-DAC6-4CA6-8D47-922EEF684643}.Debug|Any CPU.Build.0 = Debug|Any CPU
		{40D0DC36-DAC6-4CA6-8D47-922EEF684643}.Release|Any CPU.ActiveCfg = Release|Any CPU
		{40D0DC36-DAC6-4CA6-8D47-922EEF684643}.Release|Any CPU.Build.0 = Release|Any CPU
	EndGlobalSection
	GlobalSection(SolutionProperties) = preSolution
		HideSolutionNode = FALSE
	EndGlobalSection
	GlobalSection(ExtensibilityGlobals) = postSolution
		SolutionGuid = {014A99A0-3D1D-469D-A596-8B3541B0E3D5}
	EndGlobalSection
EndGlobal
